// !$*UTF8*$!
{
	archiveVersion = 1;
	classes = {
	};
	objectVersion = 46;
	objects = {

/* Begin PBXBuildFile section */
		1A009E571987AD8D00B6044D /* PapersDocumentProviderFileProvider.appex in Embed App Extensions */ = {isa = PBXBuildFile; fileRef = 1A009E4E1987AD8D00B6044D /* PapersDocumentProviderFileProvider.appex */; };
		1A009E5C1987AD8D00B6044D /* PapersDocumentProvider.appex in Embed App Extensions */ = {isa = PBXBuildFile; fileRef = 1A009E411987AD8D00B6044D /* PapersDocumentProvider.appex */; };
		1A009E6E1987AE5C00B6044D /* DocumentPickerViewController.swift in Sources */ = {isa = PBXBuildFile; fileRef = 1A009E681987AE5C00B6044D /* DocumentPickerViewController.swift */; };
		1A009E701987AE5C00B6044D /* PapersDocumentProvider.entitlements in Resources */ = {isa = PBXBuildFile; fileRef = 1A009E6B1987AE5C00B6044D /* PapersDocumentProvider.entitlements */; };
		1A009E711987AE5C00B6044D /* MainInterface.storyboard in Resources */ = {isa = PBXBuildFile; fileRef = 1A009E6D1987AE5C00B6044D /* MainInterface.storyboard */; };
		1A009E781987AEAF00B6044D /* FileProvider.swift in Sources */ = {isa = PBXBuildFile; fileRef = 1A009E741987AEAF00B6044D /* FileProvider.swift */; };
		1A009E7A1987AEAF00B6044D /* PapersDocumentProviderFileProvider.entitlements in Resources */ = {isa = PBXBuildFile; fileRef = 1A009E771987AEAF00B6044D /* PapersDocumentProviderFileProvider.entitlements */; };
		1A9E4AEC1987994C00767B20 /* ViewController.swift in Sources */ = {isa = PBXBuildFile; fileRef = 1A9E4AE31987994C00767B20 /* ViewController.swift */; };
		1A9E4AED1987994C00767B20 /* Images.xcassets in Resources */ = {isa = PBXBuildFile; fileRef = 1A9E4AE51987994C00767B20 /* Images.xcassets */; };
		1A9E4AEE1987994C00767B20 /* AppDelegate.swift in Sources */ = {isa = PBXBuildFile; fileRef = 1A9E4AE71987994C00767B20 /* AppDelegate.swift */; };
		1A9E4AF01987994C00767B20 /* Main.storyboard in Resources */ = {isa = PBXBuildFile; fileRef = 1A9E4AEA1987994C00767B20 /* Main.storyboard */; };
		1A9E4AFC198799F800767B20 /* PapersiCloudDriveTests.swift in Sources */ = {isa = PBXBuildFile; fileRef = 1A9E4AF9198799F800767B20 /* PapersiCloudDriveTests.swift */; };
		1A9E4AFD198799F800767B20 /* Info.plist in Resources */ = {isa = PBXBuildFile; fileRef = 1A9E4AFB198799F800767B20 /* Info.plist */; };
/* End PBXBuildFile section */

/* Begin PBXContainerItemProxy section */
		1A009E551987AD8D00B6044D /* PBXContainerItemProxy */ = {
			isa = PBXContainerItemProxy;
			containerPortal = 1A9E4AB7198798A000767B20 /* Project object */;
			proxyType = 1;
			remoteGlobalIDString = 1A009E4D1987AD8D00B6044D;
			remoteInfo = PapersDocumentProviderFileProvider;
		};
		1A009E581987AD8D00B6044D /* PBXContainerItemProxy */ = {
			isa = PBXContainerItemProxy;
			containerPortal = 1A9E4AB7198798A000767B20 /* Project object */;
			proxyType = 1;
			remoteGlobalIDString = 1A009E4D1987AD8D00B6044D;
			remoteInfo = PapersDocumentProviderFileProvider;
		};
		1A009E5A1987AD8D00B6044D /* PBXContainerItemProxy */ = {
			isa = PBXContainerItemProxy;
			containerPortal = 1A9E4AB7198798A000767B20 /* Project object */;
			proxyType = 1;
			remoteGlobalIDString = 1A009E401987AD8D00B6044D;
			remoteInfo = PapersDocumentProvider;
		};
		1A009E5D1987AD8D00B6044D /* PBXContainerItemProxy */ = {
			isa = PBXContainerItemProxy;
			containerPortal = 1A9E4AB7198798A000767B20 /* Project object */;
			proxyType = 1;
			remoteGlobalIDString = 1A009E401987AD8D00B6044D;
			remoteInfo = PapersDocumentProvider;
		};
		1A9E4AD2198798A000767B20 /* PBXContainerItemProxy */ = {
			isa = PBXContainerItemProxy;
			containerPortal = 1A9E4AB7198798A000767B20 /* Project object */;
			proxyType = 1;
			remoteGlobalIDString = 1A9E4ABE198798A000767B20;
			remoteInfo = PapersiCloudDrive;
		};
/* End PBXContainerItemProxy section */

/* Begin PBXCopyFilesBuildPhase section */
		1A009E651987AD8D00B6044D /* Embed App Extensions */ = {
			isa = PBXCopyFilesBuildPhase;
			buildActionMask = 2147483647;
			dstPath = "";
			dstSubfolderSpec = 13;
			files = (
				1A009E571987AD8D00B6044D /* PapersDocumentProviderFileProvider.appex in Embed App Extensions */,
				1A009E5C1987AD8D00B6044D /* PapersDocumentProvider.appex in Embed App Extensions */,
			);
			name = "Embed App Extensions";
			runOnlyForDeploymentPostprocessing = 0;
		};
/* End PBXCopyFilesBuildPhase section */

/* Begin PBXFileReference section */
		1A009E411987AD8D00B6044D /* PapersDocumentProvider.appex */ = {isa = PBXFileReference; explicitFileType = "wrapper.app-extension"; includeInIndex = 0; path = PapersDocumentProvider.appex; sourceTree = BUILT_PRODUCTS_DIR; };
		1A009E4E1987AD8D00B6044D /* PapersDocumentProviderFileProvider.appex */ = {isa = PBXFileReference; explicitFileType = "wrapper.app-extension"; includeInIndex = 0; path = PapersDocumentProviderFileProvider.appex; sourceTree = BUILT_PRODUCTS_DIR; };
		1A009E681987AE5C00B6044D /* DocumentPickerViewController.swift */ = {isa = PBXFileReference; fileEncoding = 4; lastKnownFileType = sourcecode.swift; path = DocumentPickerViewController.swift; sourceTree = "<group>"; };
		1A009E6A1987AE5C00B6044D /* Info.plist */ = {isa = PBXFileReference; fileEncoding = 4; lastKnownFileType = text.plist.xml; path = Info.plist; sourceTree = "<group>"; };
		1A009E6B1987AE5C00B6044D /* PapersDocumentProvider.entitlements */ = {isa = PBXFileReference; fileEncoding = 4; lastKnownFileType = text.xml; path = PapersDocumentProvider.entitlements; sourceTree = "<group>"; };
		1A009E6D1987AE5C00B6044D /* MainInterface.storyboard */ = {isa = PBXFileReference; fileEncoding = 4; lastKnownFileType = file.storyboard; path = MainInterface.storyboard; sourceTree = "<group>"; };
		1A009E741987AEAF00B6044D /* FileProvider.swift */ = {isa = PBXFileReference; fileEncoding = 4; lastKnownFileType = sourcecode.swift; path = FileProvider.swift; sourceTree = "<group>"; };
		1A009E761987AEAF00B6044D /* Info.plist */ = {isa = PBXFileReference; fileEncoding = 4; lastKnownFileType = text.plist.xml; path = Info.plist; sourceTree = "<group>"; };
		1A009E771987AEAF00B6044D /* PapersDocumentProviderFileProvider.entitlements */ = {isa = PBXFileReference; fileEncoding = 4; lastKnownFileType = text.xml; path = PapersDocumentProviderFileProvider.entitlements; sourceTree = "<group>"; };
		1A9E4ABF198798A000767B20 /* PapersiCloudDrive.app */ = {isa = PBXFileReference; explicitFileType = wrapper.application; includeInIndex = 0; path = PapersiCloudDrive.app; sourceTree = BUILT_PRODUCTS_DIR; };
		1A9E4AD1198798A000767B20 /* PapersiCloudDriveTests.xctest */ = {isa = PBXFileReference; explicitFileType = wrapper.cfbundle; includeInIndex = 0; path = PapersiCloudDriveTests.xctest; sourceTree = BUILT_PRODUCTS_DIR; };
		1A9E4AE31987994C00767B20 /* ViewController.swift */ = {isa = PBXFileReference; fileEncoding = 4; lastKnownFileType = sourcecode.swift; path = ViewController.swift; sourceTree = "<group>"; };
		1A9E4AE51987994C00767B20 /* Images.xcassets */ = {isa = PBXFileReference; lastKnownFileType = folder.assetcatalog; path = Images.xcassets; sourceTree = "<group>"; };
		1A9E4AE71987994C00767B20 /* AppDelegate.swift */ = {isa = PBXFileReference; fileEncoding = 4; lastKnownFileType = sourcecode.swift; path = AppDelegate.swift; sourceTree = "<group>"; };
		1A9E4AE81987994C00767B20 /* Info.plist */ = {isa = PBXFileReference; fileEncoding = 4; lastKnownFileType = text.plist.xml; path = Info.plist; sourceTree = "<group>"; };
		1A9E4AEB1987994C00767B20 /* Base */ = {isa = PBXFileReference; lastKnownFileType = file.storyboard; name = Base; path = Base.lproj/Main.storyboard; sourceTree = "<group>"; };
		1A9E4AF9198799F800767B20 /* PapersiCloudDriveTests.swift */ = {isa = PBXFileReference; fileEncoding = 4; lastKnownFileType = sourcecode.swift; path = PapersiCloudDriveTests.swift; sourceTree = "<group>"; };
		1A9E4AFB198799F800767B20 /* Info.plist */ = {isa = PBXFileReference; fileEncoding = 4; lastKnownFileType = text.plist.xml; path = Info.plist; sourceTree = "<group>"; };
/* End PBXFileReference section */

/* Begin PBXFrameworksBuildPhase section */
		1A009E3E1987AD8D00B6044D /* Frameworks */ = {
			isa = PBXFrameworksBuildPhase;
			buildActionMask = 2147483647;
			files = (
			);
			runOnlyForDeploymentPostprocessing = 0;
		};
		1A009E4B1987AD8D00B6044D /* Frameworks */ = {
			isa = PBXFrameworksBuildPhase;
			buildActionMask = 2147483647;
			files = (
			);
			runOnlyForDeploymentPostprocessing = 0;
		};
		1A9E4ABC198798A000767B20 /* Frameworks */ = {
			isa = PBXFrameworksBuildPhase;
			buildActionMask = 2147483647;
			files = (
			);
			runOnlyForDeploymentPostprocessing = 0;
		};
		1A9E4ACE198798A000767B20 /* Frameworks */ = {
			isa = PBXFrameworksBuildPhase;
			buildActionMask = 2147483647;
			files = (
			);
			runOnlyForDeploymentPostprocessing = 0;
		};
/* End PBXFrameworksBuildPhase section */

/* Begin PBXGroup section */
		1A009E661987AE5C00B6044D /* PapersDocumentProvider */ = {
			isa = PBXGroup;
			children = (
				1A009E671987AE5C00B6044D /* Controller */,
				1A009E691987AE5C00B6044D /* Supporting Files */,
				1A009E6C1987AE5C00B6044D /* User Interface */,
			);
			path = PapersDocumentProvider;
			sourceTree = "<group>";
		};
		1A009E671987AE5C00B6044D /* Controller */ = {
			isa = PBXGroup;
			children = (
				1A009E681987AE5C00B6044D /* DocumentPickerViewController.swift */,
			);
			path = Controller;
			sourceTree = "<group>";
		};
		1A009E691987AE5C00B6044D /* Supporting Files */ = {
			isa = PBXGroup;
			children = (
				1A009E6A1987AE5C00B6044D /* Info.plist */,
				1A009E6B1987AE5C00B6044D /* PapersDocumentProvider.entitlements */,
			);
			path = "Supporting Files";
			sourceTree = "<group>";
		};
		1A009E6C1987AE5C00B6044D /* User Interface */ = {
			isa = PBXGroup;
			children = (
				1A009E6D1987AE5C00B6044D /* MainInterface.storyboard */,
			);
			path = "User Interface";
			sourceTree = "<group>";
		};
		1A009E721987AEAF00B6044D /* PapersDocumentProviderFileProvider */ = {
			isa = PBXGroup;
			children = (
				1A009E731987AEAF00B6044D /* File Provider */,
				1A009E751987AEAF00B6044D /* Supporting Files */,
			);
			path = PapersDocumentProviderFileProvider;
			sourceTree = "<group>";
		};
		1A009E731987AEAF00B6044D /* File Provider */ = {
			isa = PBXGroup;
			children = (
				1A009E741987AEAF00B6044D /* FileProvider.swift */,
			);
			path = "File Provider";
			sourceTree = "<group>";
		};
		1A009E751987AEAF00B6044D /* Supporting Files */ = {
			isa = PBXGroup;
			children = (
				1A009E761987AEAF00B6044D /* Info.plist */,
				1A009E771987AEAF00B6044D /* PapersDocumentProviderFileProvider.entitlements */,
			);
			path = "Supporting Files";
			sourceTree = "<group>";
		};
		1A9E4AB6198798A000767B20 = {
			isa = PBXGroup;
			children = (
				1A9E4AE11987994C00767B20 /* PapersiCloudDrive */,
				1A9E4AF11987995600767B20 /* PapersiCloudDriveTests */,
				1A009E661987AE5C00B6044D /* PapersDocumentProvider */,
				1A009E721987AEAF00B6044D /* PapersDocumentProviderFileProvider */,
				1A9E4AC0198798A000767B20 /* Products */,
			);
			sourceTree = "<group>";
		};
		1A9E4AC0198798A000767B20 /* Products */ = {
			isa = PBXGroup;
			children = (
				1A9E4ABF198798A000767B20 /* PapersiCloudDrive.app */,
				1A9E4AD1198798A000767B20 /* PapersiCloudDriveTests.xctest */,
				1A009E411987AD8D00B6044D /* PapersDocumentProvider.appex */,
				1A009E4E1987AD8D00B6044D /* PapersDocumentProviderFileProvider.appex */,
			);
			name = Products;
			sourceTree = "<group>";
		};
		1A9E4AE11987994C00767B20 /* PapersiCloudDrive */ = {
			isa = PBXGroup;
			children = (
				1A9E4AE21987994C00767B20 /* Controller */,
				1A9E4AE41987994C00767B20 /* Resources */,
				1A9E4AE61987994C00767B20 /* Supporting Files */,
				1A9E4AE91987994C00767B20 /* User Interface */,
			);
			path = PapersiCloudDrive;
			sourceTree = "<group>";
		};
		1A9E4AE21987994C00767B20 /* Controller */ = {
			isa = PBXGroup;
			children = (
				1A9E4AE31987994C00767B20 /* ViewController.swift */,
			);
			path = Controller;
			sourceTree = "<group>";
		};
		1A9E4AE41987994C00767B20 /* Resources */ = {
			isa = PBXGroup;
			children = (
				1A9E4AE51987994C00767B20 /* Images.xcassets */,
			);
			path = Resources;
			sourceTree = "<group>";
		};
		1A9E4AE61987994C00767B20 /* Supporting Files */ = {
			isa = PBXGroup;
			children = (
				1A9E4AE71987994C00767B20 /* AppDelegate.swift */,
				1A9E4AE81987994C00767B20 /* Info.plist */,
			);
			path = "Supporting Files";
			sourceTree = "<group>";
		};
		1A9E4AE91987994C00767B20 /* User Interface */ = {
			isa = PBXGroup;
			children = (
				1A9E4AEA1987994C00767B20 /* Main.storyboard */,
			);
			path = "User Interface";
			sourceTree = "<group>";
		};
		1A9E4AF11987995600767B20 /* PapersiCloudDriveTests */ = {
			isa = PBXGroup;
			children = (
				1A9E4AF8198799F800767B20 /* Source */,
				1A9E4AFA198799F800767B20 /* Supporting Files */,
			);
			path = PapersiCloudDriveTests;
			sourceTree = "<group>";
		};
		1A9E4AF8198799F800767B20 /* Source */ = {
			isa = PBXGroup;
			children = (
				1A9E4AF9198799F800767B20 /* PapersiCloudDriveTests.swift */,
			);
			path = Source;
			sourceTree = "<group>";
		};
		1A9E4AFA198799F800767B20 /* Supporting Files */ = {
			isa = PBXGroup;
			children = (
				1A9E4AFB198799F800767B20 /* Info.plist */,
			);
			path = "Supporting Files";
			sourceTree = "<group>";
		};
/* End PBXGroup section */

/* Begin PBXNativeTarget section */
		1A009E401987AD8D00B6044D /* PapersDocumentProvider */ = {
			isa = PBXNativeTarget;
			buildConfigurationList = 1A009E641987AD8D00B6044D /* Build configuration list for PBXNativeTarget "PapersDocumentProvider" */;
			buildPhases = (
				1A009E3D1987AD8D00B6044D /* Sources */,
				1A009E3E1987AD8D00B6044D /* Frameworks */,
				1A009E3F1987AD8D00B6044D /* Resources */,
			);
			buildRules = (
			);
			dependencies = (
			);
			name = PapersDocumentProvider;
			productName = PapersDocumentProvider;
			productReference = 1A009E411987AD8D00B6044D /* PapersDocumentProvider.appex */;
			productType = "com.apple.product-type.app-extension";
		};
		1A009E4D1987AD8D00B6044D /* PapersDocumentProviderFileProvider */ = {
			isa = PBXNativeTarget;
			buildConfigurationList = 1A009E631987AD8D00B6044D /* Build configuration list for PBXNativeTarget "PapersDocumentProviderFileProvider" */;
			buildPhases = (
				1A009E4A1987AD8D00B6044D /* Sources */,
				1A009E4B1987AD8D00B6044D /* Frameworks */,
				1A009E4C1987AD8D00B6044D /* Resources */,
			);
			buildRules = (
			);
			dependencies = (
			);
			name = PapersDocumentProviderFileProvider;
			productName = PapersDocumentProviderFileProvider;
			productReference = 1A009E4E1987AD8D00B6044D /* PapersDocumentProviderFileProvider.appex */;
			productType = "com.apple.product-type.app-extension";
		};
		1A9E4ABE198798A000767B20 /* PapersiCloudDrive */ = {
			isa = PBXNativeTarget;
			buildConfigurationList = 1A9E4ADB198798A000767B20 /* Build configuration list for PBXNativeTarget "PapersiCloudDrive" */;
			buildPhases = (
				1A9E4ABB198798A000767B20 /* Sources */,
				1A9E4ABC198798A000767B20 /* Frameworks */,
				1A9E4ABD198798A000767B20 /* Resources */,
				1A009E651987AD8D00B6044D /* Embed App Extensions */,
			);
			buildRules = (
			);
			dependencies = (
				1A009E561987AD8D00B6044D /* PBXTargetDependency */,
				1A009E591987AD8D00B6044D /* PBXTargetDependency */,
				1A009E5B1987AD8D00B6044D /* PBXTargetDependency */,
				1A009E5E1987AD8D00B6044D /* PBXTargetDependency */,
			);
			name = PapersiCloudDrive;
			productName = PapersiCloudDrive;
			productReference = 1A9E4ABF198798A000767B20 /* PapersiCloudDrive.app */;
			productType = "com.apple.product-type.application";
		};
		1A9E4AD0198798A000767B20 /* PapersiCloudDriveTests */ = {
			isa = PBXNativeTarget;
			buildConfigurationList = 1A9E4ADE198798A000767B20 /* Build configuration list for PBXNativeTarget "PapersiCloudDriveTests" */;
			buildPhases = (
				1A9E4ACD198798A000767B20 /* Sources */,
				1A9E4ACE198798A000767B20 /* Frameworks */,
				1A9E4ACF198798A000767B20 /* Resources */,
			);
			buildRules = (
			);
			dependencies = (
				1A9E4AD3198798A000767B20 /* PBXTargetDependency */,
			);
			name = PapersiCloudDriveTests;
			productName = PapersiCloudDriveTests;
			productReference = 1A9E4AD1198798A000767B20 /* PapersiCloudDriveTests.xctest */;
			productType = "com.apple.product-type.bundle.unit-test";
		};
/* End PBXNativeTarget section */

/* Begin PBXProject section */
		1A9E4AB7198798A000767B20 /* Project object */ = {
			isa = PBXProject;
			attributes = {
				LastUpgradeCheck = 0600;
				ORGANIZATIONNAME = "James Valaitis";
				TargetAttributes = {
					1A009E401987AD8D00B6044D = {
						CreatedOnToolsVersion = 6.0;
					};
					1A009E4D1987AD8D00B6044D = {
						CreatedOnToolsVersion = 6.0;
					};
					1A9E4ABE198798A000767B20 = {
						CreatedOnToolsVersion = 6.0;
					};
					1A9E4AD0198798A000767B20 = {
						CreatedOnToolsVersion = 6.0;
						TestTargetID = 1A9E4ABE198798A000767B20;
					};
				};
			};
			buildConfigurationList = 1A9E4ABA198798A000767B20 /* Build configuration list for PBXProject "PapersiCloudDrive" */;
			compatibilityVersion = "Xcode 3.2";
			developmentRegion = English;
			hasScannedForEncodings = 0;
			knownRegions = (
				en,
				Base,
			);
			mainGroup = 1A9E4AB6198798A000767B20;
			productRefGroup = 1A9E4AC0198798A000767B20 /* Products */;
			projectDirPath = "";
			projectRoot = "";
			targets = (
				1A9E4ABE198798A000767B20 /* PapersiCloudDrive */,
				1A9E4AD0198798A000767B20 /* PapersiCloudDriveTests */,
				1A009E401987AD8D00B6044D /* PapersDocumentProvider */,
				1A009E4D1987AD8D00B6044D /* PapersDocumentProviderFileProvider */,
			);
		};
/* End PBXProject section */

/* Begin PBXResourcesBuildPhase section */
		1A009E3F1987AD8D00B6044D /* Resources */ = {
			isa = PBXResourcesBuildPhase;
			buildActionMask = 2147483647;
			files = (
				1A009E701987AE5C00B6044D /* PapersDocumentProvider.entitlements in Resources */,
				1A009E711987AE5C00B6044D /* MainInterface.storyboard in Resources */,
			);
			runOnlyForDeploymentPostprocessing = 0;
		};
		1A009E4C1987AD8D00B6044D /* Resources */ = {
			isa = PBXResourcesBuildPhase;
			buildActionMask = 2147483647;
			files = (
				1A009E7A1987AEAF00B6044D /* PapersDocumentProviderFileProvider.entitlements in Resources */,
			);
			runOnlyForDeploymentPostprocessing = 0;
		};
		1A9E4ABD198798A000767B20 /* Resources */ = {
			isa = PBXResourcesBuildPhase;
			buildActionMask = 2147483647;
			files = (
				1A9E4AF01987994C00767B20 /* Main.storyboard in Resources */,
				1A9E4AED1987994C00767B20 /* Images.xcassets in Resources */,
			);
			runOnlyForDeploymentPostprocessing = 0;
		};
		1A9E4ACF198798A000767B20 /* Resources */ = {
			isa = PBXResourcesBuildPhase;
			buildActionMask = 2147483647;
			files = (
				1A9E4AFD198799F800767B20 /* Info.plist in Resources */,
			);
			runOnlyForDeploymentPostprocessing = 0;
		};
/* End PBXResourcesBuildPhase section */

/* Begin PBXSourcesBuildPhase section */
		1A009E3D1987AD8D00B6044D /* Sources */ = {
			isa = PBXSourcesBuildPhase;
			buildActionMask = 2147483647;
			files = (
				1A009E6E1987AE5C00B6044D /* DocumentPickerViewController.swift in Sources */,
			);
			runOnlyForDeploymentPostprocessing = 0;
		};
		1A009E4A1987AD8D00B6044D /* Sources */ = {
			isa = PBXSourcesBuildPhase;
			buildActionMask = 2147483647;
			files = (
				1A009E781987AEAF00B6044D /* FileProvider.swift in Sources */,
			);
			runOnlyForDeploymentPostprocessing = 0;
		};
		1A9E4ABB198798A000767B20 /* Sources */ = {
			isa = PBXSourcesBuildPhase;
			buildActionMask = 2147483647;
			files = (
				1A9E4AEE1987994C00767B20 /* AppDelegate.swift in Sources */,
				1A9E4AEC1987994C00767B20 /* ViewController.swift in Sources */,
			);
			runOnlyForDeploymentPostprocessing = 0;
		};
		1A9E4ACD198798A000767B20 /* Sources */ = {
			isa = PBXSourcesBuildPhase;
			buildActionMask = 2147483647;
			files = (
				1A9E4AFC198799F800767B20 /* PapersiCloudDriveTests.swift in Sources */,
			);
			runOnlyForDeploymentPostprocessing = 0;
		};
/* End PBXSourcesBuildPhase section */

/* Begin PBXTargetDependency section */
		1A009E561987AD8D00B6044D /* PBXTargetDependency */ = {
			isa = PBXTargetDependency;
			target = 1A009E4D1987AD8D00B6044D /* PapersDocumentProviderFileProvider */;
			targetProxy = 1A009E551987AD8D00B6044D /* PBXContainerItemProxy */;
		};
		1A009E591987AD8D00B6044D /* PBXTargetDependency */ = {
			isa = PBXTargetDependency;
			target = 1A009E4D1987AD8D00B6044D /* PapersDocumentProviderFileProvider */;
			targetProxy = 1A009E581987AD8D00B6044D /* PBXContainerItemProxy */;
		};
		1A009E5B1987AD8D00B6044D /* PBXTargetDependency */ = {
			isa = PBXTargetDependency;
			target = 1A009E401987AD8D00B6044D /* PapersDocumentProvider */;
			targetProxy = 1A009E5A1987AD8D00B6044D /* PBXContainerItemProxy */;
		};
		1A009E5E1987AD8D00B6044D /* PBXTargetDependency */ = {
			isa = PBXTargetDependency;
			target = 1A009E401987AD8D00B6044D /* PapersDocumentProvider */;
			targetProxy = 1A009E5D1987AD8D00B6044D /* PBXContainerItemProxy */;
		};
		1A9E4AD3198798A000767B20 /* PBXTargetDependency */ = {
			isa = PBXTargetDependency;
			target = 1A9E4ABE198798A000767B20 /* PapersiCloudDrive */;
			targetProxy = 1A9E4AD2198798A000767B20 /* PBXContainerItemProxy */;
		};
/* End PBXTargetDependency section */

/* Begin PBXVariantGroup section */
		1A9E4AEA1987994C00767B20 /* Main.storyboard */ = {
			isa = PBXVariantGroup;
			children = (
				1A9E4AEB1987994C00767B20 /* Base */,
			);
			name = Main.storyboard;
			sourceTree = "<group>";
		};
/* End PBXVariantGroup section */

/* Begin XCBuildConfiguration section */
		1A009E5F1987AD8D00B6044D /* Debug */ = {
			isa = XCBuildConfiguration;
			buildSettings = {
				CODE_SIGN_ENTITLEMENTS = "PapersDocumentProvider/Supporting Files/PapersDocumentProvider.entitlements";
				GCC_PREPROCESSOR_DEFINITIONS = (
					"DEBUG=1",
					"$(inherited)",
				);
				INFOPLIST_FILE = "$(SRCROOT)/PapersDocumentProvider/Supporting Files/Info.plist";
				LD_RUNPATH_SEARCH_PATHS = "$(inherited) @executable_path/Frameworks @executable_path/../../Frameworks";
				PRODUCT_NAME = "$(TARGET_NAME)";
				SKIP_INSTALL = YES;
			};
			name = Debug;
		};
		1A009E601987AD8D00B6044D /* Release */ = {
			isa = XCBuildConfiguration;
			buildSettings = {
				CODE_SIGN_ENTITLEMENTS = "PapersDocumentProvider/Supporting Files/PapersDocumentProvider.entitlements";
				INFOPLIST_FILE = "$(SRCROOT)/PapersDocumentProvider/Supporting Files/Info.plist";
				LD_RUNPATH_SEARCH_PATHS = "$(inherited) @executable_path/Frameworks @executable_path/../../Frameworks";
				PRODUCT_NAME = "$(TARGET_NAME)";
				SKIP_INSTALL = YES;
			};
			name = Release;
		};
		1A009E611987AD8D00B6044D /* Debug */ = {
			isa = XCBuildConfiguration;
			buildSettings = {
				CODE_SIGN_ENTITLEMENTS = "PapersDocumentProviderFileProvider/Supporting Files/PapersDocumentProviderFileProvider.entitlements";
				GCC_PREPROCESSOR_DEFINITIONS = (
					"DEBUG=1",
					"$(inherited)",
				);
				INFOPLIST_FILE = "$(SRCROOT)/PapersDocumentProviderFileProvider/Supporting Files/Info.plist";
				LD_RUNPATH_SEARCH_PATHS = "$(inherited) @executable_path/Frameworks @executable_path/../../Frameworks";
				PRODUCT_NAME = "$(TARGET_NAME)";
				SKIP_INSTALL = YES;
			};
			name = Debug;
		};
		1A009E621987AD8D00B6044D /* Release */ = {
			isa = XCBuildConfiguration;
			buildSettings = {
				CODE_SIGN_ENTITLEMENTS = "PapersDocumentProviderFileProvider/Supporting Files/PapersDocumentProviderFileProvider.entitlements";
				INFOPLIST_FILE = "$(SRCROOT)/PapersDocumentProviderFileProvider/Supporting Files/Info.plist";
				LD_RUNPATH_SEARCH_PATHS = "$(inherited) @executable_path/Frameworks @executable_path/../../Frameworks";
				PRODUCT_NAME = "$(TARGET_NAME)";
				SKIP_INSTALL = YES;
			};
			name = Release;
		};
		1A9E4AD9198798A000767B20 /* Debug */ = {
			isa = XCBuildConfiguration;
			buildSettings = {
				ALWAYS_SEARCH_USER_PATHS = NO;
				CLANG_CXX_LANGUAGE_STANDARD = "gnu++0x";
				CLANG_CXX_LIBRARY = "libc++";
				CLANG_ENABLE_MODULES = YES;
				CLANG_ENABLE_OBJC_ARC = YES;
				CLANG_WARN_BOOL_CONVERSION = YES;
				CLANG_WARN_CONSTANT_CONVERSION = YES;
				CLANG_WARN_DIRECT_OBJC_ISA_USAGE = YES_ERROR;
				CLANG_WARN_EMPTY_BODY = YES;
				CLANG_WARN_ENUM_CONVERSION = YES;
				CLANG_WARN_INT_CONVERSION = YES;
				CLANG_WARN_OBJC_ROOT_CLASS = YES_ERROR;
				CLANG_WARN_UNREACHABLE_CODE = YES;
				CLANG_WARN__DUPLICATE_METHOD_MATCH = YES;
				"CODE_SIGN_IDENTITY[sdk=iphoneos*]" = "iPhone Developer";
				COPY_PHASE_STRIP = NO;
				ENABLE_STRICT_OBJC_MSGSEND = YES;
				GCC_C_LANGUAGE_STANDARD = gnu99;
				GCC_DYNAMIC_NO_PIC = NO;
				GCC_OPTIMIZATION_LEVEL = 0;
				GCC_PREPROCESSOR_DEFINITIONS = (
					"DEBUG=1",
					"$(inherited)",
				);
				GCC_SYMBOLS_PRIVATE_EXTERN = NO;
				GCC_WARN_64_TO_32_BIT_CONVERSION = YES;
				GCC_WARN_ABOUT_RETURN_TYPE = YES_ERROR;
				GCC_WARN_UNDECLARED_SELECTOR = YES;
				GCC_WARN_UNINITIALIZED_AUTOS = YES_AGGRESSIVE;
				GCC_WARN_UNUSED_FUNCTION = YES;
				GCC_WARN_UNUSED_VARIABLE = YES;
				IPHONEOS_DEPLOYMENT_TARGET = 8.0;
				MTL_ENABLE_DEBUG_INFO = YES;
				ONLY_ACTIVE_ARCH = YES;
				SDKROOT = iphoneos;
				SWIFT_OPTIMIZATION_LEVEL = "-Onone";
				TARGETED_DEVICE_FAMILY = "1,2";
			};
			name = Debug;
		};
		1A9E4ADA198798A000767B20 /* Release */ = {
			isa = XCBuildConfiguration;
			buildSettings = {
				ALWAYS_SEARCH_USER_PATHS = NO;
				CLANG_CXX_LANGUAGE_STANDARD = "gnu++0x";
				CLANG_CXX_LIBRARY = "libc++";
				CLANG_ENABLE_MODULES = YES;
				CLANG_ENABLE_OBJC_ARC = YES;
				CLANG_WARN_BOOL_CONVERSION = YES;
				CLANG_WARN_CONSTANT_CONVERSION = YES;
				CLANG_WARN_DIRECT_OBJC_ISA_USAGE = YES_ERROR;
				CLANG_WARN_EMPTY_BODY = YES;
				CLANG_WARN_ENUM_CONVERSION = YES;
				CLANG_WARN_INT_CONVERSION = YES;
				CLANG_WARN_OBJC_ROOT_CLASS = YES_ERROR;
				CLANG_WARN_UNREACHABLE_CODE = YES;
				CLANG_WARN__DUPLICATE_METHOD_MATCH = YES;
				"CODE_SIGN_IDENTITY[sdk=iphoneos*]" = "iPhone Developer";
				COPY_PHASE_STRIP = YES;
				ENABLE_NS_ASSERTIONS = NO;
				ENABLE_STRICT_OBJC_MSGSEND = YES;
				GCC_C_LANGUAGE_STANDARD = gnu99;
				GCC_WARN_64_TO_32_BIT_CONVERSION = YES;
				GCC_WARN_ABOUT_RETURN_TYPE = YES_ERROR;
				GCC_WARN_UNDECLARED_SELECTOR = YES;
				GCC_WARN_UNINITIALIZED_AUTOS = YES_AGGRESSIVE;
				GCC_WARN_UNUSED_FUNCTION = YES;
				GCC_WARN_UNUSED_VARIABLE = YES;
				IPHONEOS_DEPLOYMENT_TARGET = 8.0;
				MTL_ENABLE_DEBUG_INFO = NO;
				SDKROOT = iphoneos;
				TARGETED_DEVICE_FAMILY = "1,2";
				VALIDATE_PRODUCT = YES;
			};
			name = Release;
		};
		1A9E4ADC198798A000767B20 /* Debug */ = {
			isa = XCBuildConfiguration;
			buildSettings = {
				ASSETCATALOG_COMPILER_APPICON_NAME = AppIcon;
				ASSETCATALOG_COMPILER_LAUNCHIMAGE_NAME = LaunchImage;
				INFOPLIST_FILE = "$(SRCROOT)/PapersiCloudDrive/Supporting Files/Info.plist";
				LD_RUNPATH_SEARCH_PATHS = "$(inherited) @executable_path/Frameworks";
				PRODUCT_NAME = "$(TARGET_NAME)";
			};
			name = Debug;
		};
		1A9E4ADD198798A000767B20 /* Release */ = {
			isa = XCBuildConfiguration;
			buildSettings = {
				ASSETCATALOG_COMPILER_APPICON_NAME = AppIcon;
				ASSETCATALOG_COMPILER_LAUNCHIMAGE_NAME = LaunchImage;
				INFOPLIST_FILE = "$(SRCROOT)/PapersiCloudDrive/Supporting Files/Info.plist";
				LD_RUNPATH_SEARCH_PATHS = "$(inherited) @executable_path/Frameworks";
				PRODUCT_NAME = "$(TARGET_NAME)";
			};
			name = Release;
		};
		1A9E4ADF198798A000767B20 /* Debug */ = {
			isa = XCBuildConfiguration;
			buildSettings = {
				BUNDLE_LOADER = "$(BUILT_PRODUCTS_DIR)/PapersiCloudDrive.app/PapersiCloudDrive";
				FRAMEWORK_SEARCH_PATHS = (
					"$(SDKROOT)/Developer/Library/Frameworks",
					"$(inherited)",
				);
				GCC_PREPROCESSOR_DEFINITIONS = (
					"DEBUG=1",
					"$(inherited)",
				);
				INFOPLIST_FILE = "PapersiCloudDriveTests/Supporting Files/Info.plist";
				LD_RUNPATH_SEARCH_PATHS = "$(inherited) @executable_path/Frameworks @loader_path/Frameworks";
				PRODUCT_NAME = "$(TARGET_NAME)";
				TEST_HOST = "$(BUNDLE_LOADER)";
			};
			name = Debug;
		};
		1A9E4AE0198798A000767B20 /* Release */ = {
			isa = XCBuildConfiguration;
			buildSettings = {
				BUNDLE_LOADER = "$(BUILT_PRODUCTS_DIR)/PapersiCloudDrive.app/PapersiCloudDrive";
				FRAMEWORK_SEARCH_PATHS = (
					"$(SDKROOT)/Developer/Library/Frameworks",
					"$(inherited)",
				);
				INFOPLIST_FILE = "PapersiCloudDriveTests/Supporting Files/Info.plist";
				LD_RUNPATH_SEARCH_PATHS = "$(inherited) @executable_path/Frameworks @loader_path/Frameworks";
				PRODUCT_NAME = "$(TARGET_NAME)";
				TEST_HOST = "$(BUNDLE_LOADER)";
			};
			name = Release;
		};
/* End XCBuildConfiguration section */

/* Begin XCConfigurationList section */
		1A009E631987AD8D00B6044D /* Build configuration list for PBXNativeTarget "PapersDocumentProviderFileProvider" */ = {
			isa = XCConfigurationList;
			buildConfigurations = (
				1A009E611987AD8D00B6044D /* Debug */,
				1A009E621987AD8D00B6044D /* Release */,
			);
			defaultConfigurationIsVisible = 0;
		};
		1A009E641987AD8D00B6044D /* Build configuration list for PBXNativeTarget "PapersDocumentProvider" */ = {
			isa = XCConfigurationList;
			buildConfigurations = (
				1A009E5F1987AD8D00B6044D /* Debug */,
				1A009E601987AD8D00B6044D /* Release */,
			);
			defaultConfigurationIsVisible = 0;
		};
		1A9E4ABA198798A000767B20 /* Build configuration list for PBXProject "PapersiCloudDrive" */ = {
			isa = XCConfigurationList;
			buildConfigurations = (
				1A9E4AD9198798A000767B20 /* Debug */,
				1A9E4ADA198798A000767B20 /* Release */,
			);
			defaultConfigurationIsVisible = 0;
			defaultConfigurationName = Release;
		};
		1A9E4ADB198798A000767B20 /* Build configuration list for PBXNativeTarget "PapersiCloudDrive" */ = {
			isa = XCConfigurationList;
			buildConfigurations = (
				1A9E4ADC198798A000767B20 /* Debug */,
				1A9E4ADD198798A000767B20 /* Release */,
			);
			defaultConfigurationIsVisible = 0;
			defaultConfigurationName = Release;
		};
		1A9E4ADE198798A000767B20 /* Build configuration list for PBXNativeTarget "PapersiCloudDriveTests" */ = {
			isa = XCConfigurationList;
			buildConfigurations = (
				1A9E4ADF198798A000767B20 /* Debug */,
				1A9E4AE0198798A000767B20 /* Release */,
			);
			defaultConfigurationIsVisible = 0;
			defaultConfigurationName = Release;
		};
/* End XCConfigurationList section */
	};
	rootObject = 1A9E4AB7198798A000767B20 /* Project object */;
}
